PODS:
  - Alamofire (4.9.1)
  - Kingfisher (5.15.0):
    - Kingfisher/Core (= 5.15.0)
  - Kingfisher/Core (5.15.0)
  - Swinject (2.7.1)

DEPENDENCIES:
  - Alamofire (= 4.9.1)
  - Kingfisher
  - Swinject

SPEC REPOS:
  trunk:
    - Alamofire
    - Kingfisher
    - Swinject

SPEC CHECKSUMS:
  Alamofire: 85e8a02c69d6020a0d734f6054870d7ecb75cf18
  Kingfisher: 1acb67597a520c2d0310677e66d6e0af455ef757
  Swinject: ddf78b8486dd9b71a667b852cad919ab4484478e

PODFILE CHECKSUM: 2d81599604ea8e41a775396a5cd5ba5f582869a4

COCOAPODS: 1.9.3
