PODS:
  - Alamofire (4.8.1)
  - Kingfisher (5.2.0)
  - Swinject (2.5.0)
  - SwinjectStoryboard (2.1.0):
    - Swinject (~> 2.5)

DEPENDENCIES:
  - Alamofire (= 4.8.1)
  - Kingfisher (= 5.2.0)
  - Swinject (= 2.5.0)
  - SwinjectStoryboard (= 2.1.0)

SPEC REPOS:
  https://github.com/cocoapods/specs.git:
    - Alamofire
    - Kingfisher
    - Swinject
    - SwinjectStoryboard

SPEC CHECKSUMS:
  Alamofire: 16ce2c353fb72865124ddae8a57c5942388f4f11
  Kingfisher: 07067cfacf371117330dceb4b4b8f5c4b691ab42
  Swinject: 82cdb851f63f91bba974e3eca1d69780f2f7677e
  SwinjectStoryboard: 688f096033103e66ffcf6ca678211acd7d7be505

PODFILE CHECKSUM: 8a709e21cb01527b99b6f340fed3b7f50488f642

COCOAPODS: 1.5.3
